
Microsoft Visual Studio Solution File, Format Version 12.00
# Visual Studio Version 17
VisualStudioVersion = 17.13.35913.81
MinimumVisualStudioVersion = 10.0.40219.1
Project("{FAE04EC0-301F-11D3-BF4B-00C04F79EFBC}") = "OpenVPNClient", "OpenVPNClient\OpenVPNClient\OpenVPNClient.csproj", "{B0483E69-F830-4FEF-859F-26CB3400064C}"
EndProject
Project("{FAE04EC0-301F-11D3-BF4B-00C04F79EFBC}") = "OpenVPNClient.Droid", "OpenVPNClient\OpenVPNClient.Droid\OpenVPNClient.Droid.csproj", "{2475B73B-98AF-4A03-850B-5D87D3A7B7FC}"
EndProject
Project("{FAE04EC0-301F-11D3-BF4B-00C04F79EFBC}") = "OpenVPNClient.Droid.TV", "OpenVPNClient\OpenVPNClient.Droid.TV\OpenVPNClient.Droid.TV.csproj", "{8AAC7D85-EA93-AD3C-23F1-A1FC84E9DED8}"
EndProject
Global
	GlobalSection(SolutionConfigurationPlatforms) = preSolution
		Debug|Any CPU = Debug|Any CPU
		Release|Any CPU = Release|Any CPU
	EndGlobalSection
	GlobalSection(ProjectConfigurationPlatforms) = postSolution
		{B0483E69-F830-4FEF-859F-26CB3400064C}.Debug|Any CPU.ActiveCfg = Debug|Any CPU
		{B0483E69-F830-4FEF-859F-26CB3400064C}.Debug|Any CPU.Build.0 = Debug|Any CPU
		{B0483E69-F830-4FEF-859F-26CB3400064C}.Release|Any CPU.ActiveCfg = Release|Any CPU
		{B0483E69-F830-4FEF-859F-26CB3400064C}.Release|Any CPU.Build.0 = Release|Any CPU
		{2475B73B-98AF-4A03-850B-5D87D3A7B7FC}.Debug|Any CPU.ActiveCfg = Debug|Any CPU
		{2475B73B-98AF-4A03-850B-5D87D3A7B7FC}.Debug|Any CPU.Build.0 = Debug|Any CPU
		{2475B73B-98AF-4A03-850B-5D87D3A7B7FC}.Debug|Any CPU.Deploy.0 = Debug|Any CPU
		{2475B73B-98AF-4A03-850B-5D87D3A7B7FC}.Release|Any CPU.ActiveCfg = Release|Any CPU
		{2475B73B-98AF-4A03-850B-5D87D3A7B7FC}.Release|Any CPU.Build.0 = Release|Any CPU
		{2475B73B-98AF-4A03-850B-5D87D3A7B7FC}.Release|Any CPU.Deploy.0 = Release|Any CPU
		{8AAC7D85-EA93-AD3C-23F1-A1FC84E9DED8}.Debug|Any CPU.ActiveCfg = Debug|Any CPU
		{8AAC7D85-EA93-AD3C-23F1-A1FC84E9DED8}.Debug|Any CPU.Build.0 = Debug|Any CPU
		{8AAC7D85-EA93-AD3C-23F1-A1FC84E9DED8}.Debug|Any CPU.Deploy.0 = Debug|Any CPU
		{8AAC7D85-EA93-AD3C-23F1-A1FC84E9DED8}.Release|Any CPU.ActiveCfg = Release|Any CPU
		{8AAC7D85-EA93-AD3C-23F1-A1FC84E9DED8}.Release|Any CPU.Build.0 = Release|Any CPU
		{8AAC7D85-EA93-AD3C-23F1-A1FC84E9DED8}.Release|Any CPU.Deploy.0 = Release|Any CPU
	EndGlobalSection
	GlobalSection(SolutionProperties) = preSolution
		HideSolutionNode = FALSE
	EndGlobalSection
	GlobalSection(ExtensibilityGlobals) = postSolution
		SolutionGuid = {045F6B8A-B3A3-467D-BB98-3456933AD251}
	EndGlobalSection
EndGlobal
